
Microsoft Visual Studio Solution File, Format Version 12.00
# Visual Studio Version 17
VisualStudioVersion = 17.0.32014.148
MinimumVisualStudioVersion = 10.0.40219.1
Project("{8BC9CEB8-8B4A-11D0-8D11-00A0C91BC942}") = "스택 수열(백준)", "스택 수열(백준)\스택 수열(백준).vcxproj", "{FF7EDB47-3D25-4B30-BB00-12C0E9A0B0C6}"
EndProject
Global
	GlobalSection(SolutionConfigurationPlatforms) = preSolution
		Debug|x64 = Debug|x64
		Debug|x86 = Debug|x86
		Release|x64 = Release|x64
		Release|x86 = Release|x86
	EndGlobalSection
	GlobalSection(ProjectConfigurationPlatforms) = postSolution
		{FF7EDB47-3D25-4B30-BB00-12C0E9A0B0C6}.Debug|x64.ActiveCfg = Debug|x64
		{FF7EDB47-3D25-4B30-BB00-12C0E9A0B0C6}.Debug|x64.Build.0 = Debug|x64
		{FF7EDB47-3D25-4B30-BB00-12C0E9A0B0C6}.Debug|x86.ActiveCfg = Debug|Win32
		{FF7EDB47-3D25-4B30-BB00-12C0E9A0B0C6}.Debug|x86.Build.0 = Debug|Win32
		{FF7EDB47-3D25-4B30-BB00-12C0E9A0B0C6}.Release|x64.ActiveCfg = Release|x64
		{FF7EDB47-3D25-4B30-BB00-12C0E9A0B0C6}.Release|x64.Build.0 = Release|x64
		{FF7EDB47-3D25-4B30-BB00-12C0E9A0B0C6}.Release|x86.ActiveCfg = Release|Win32
		{FF7EDB47-3D25-4B30-BB00-12C0E9A0B0C6}.Release|x86.Build.0 = Release|Win32
	EndGlobalSection
	GlobalSection(SolutionProperties) = preSolution
		HideSolutionNode = FALSE
	EndGlobalSection
	GlobalSection(ExtensibilityGlobals) = postSolution
		SolutionGuid = {247D5227-4FBF-4E49-97C0-491F9E7870C4}
	EndGlobalSection
EndGlobal
