
Microsoft Visual Studio Solution File, Format Version 12.00
# Visual Studio Version 17
VisualStudioVersion = 17.0.32014.148
MinimumVisualStudioVersion = 10.0.40219.1
Project("{8BC9CEB8-8B4A-11D0-8D11-00A0C91BC942}") = "이항계수 2", "이항계수 2\이항계수 2.vcxproj", "{9001F750-5773-42F4-8A3F-181FF080AA2C}"
EndProject
Global
	GlobalSection(SolutionConfigurationPlatforms) = preSolution
		Debug|x64 = Debug|x64
		Debug|x86 = Debug|x86
		Release|x64 = Release|x64
		Release|x86 = Release|x86
	EndGlobalSection
	GlobalSection(ProjectConfigurationPlatforms) = postSolution
		{9001F750-5773-42F4-8A3F-181FF080AA2C}.Debug|x64.ActiveCfg = Debug|x64
		{9001F750-5773-42F4-8A3F-181FF080AA2C}.Debug|x64.Build.0 = Debug|x64
		{9001F750-5773-42F4-8A3F-181FF080AA2C}.Debug|x86.ActiveCfg = Debug|Win32
		{9001F750-5773-42F4-8A3F-181FF080AA2C}.Debug|x86.Build.0 = Debug|Win32
		{9001F750-5773-42F4-8A3F-181FF080AA2C}.Release|x64.ActiveCfg = Release|x64
		{9001F750-5773-42F4-8A3F-181FF080AA2C}.Release|x64.Build.0 = Release|x64
		{9001F750-5773-42F4-8A3F-181FF080AA2C}.Release|x86.ActiveCfg = Release|Win32
		{9001F750-5773-42F4-8A3F-181FF080AA2C}.Release|x86.Build.0 = Release|Win32
	EndGlobalSection
	GlobalSection(SolutionProperties) = preSolution
		HideSolutionNode = FALSE
	EndGlobalSection
	GlobalSection(ExtensibilityGlobals) = postSolution
		SolutionGuid = {51060C1A-B3E3-4061-9DDE-BE7F59CCA96D}
	EndGlobalSection
EndGlobal
